{
  "nodes": {
    "bastardkb_firmware": {
      "flake": false,
      "locked": {
        "lastModified": 1754834270,
        "ref": "bkb-master",
        "rev": "8f3b92fff27e6356120913a4ec6b21a017d0fef6",
        "shallow": true,
        "submodules": true,
        "type": "git",
        "url": "https://github.com/Bastardkb/bastardkb-qmk"
      },
      "original": {
        "ref": "bkb-master",
        "shallow": true,
        "submodules": true,
        "type": "git",
        "url": "https://github.com/Bastardkb/bastardkb-qmk"
      }
    },
    "flake-parts": {
      "inputs": {
        "nixpkgs-lib": "nixpkgs-lib"
      },
      "locked": {
        "lastModified": 1754487366,
        "owner": "hercules-ci",
        "repo": "flake-parts",
        "rev": "af66ad14b28a127c5c0f3bbb298218fc63528a18",
        "type": "github"
      },
      "original": {
        "owner": "hercules-ci",
        "repo": "flake-parts",
        "type": "github"
      }
    },
    "flake-root": {
      "locked": {
        "lastModified": 1723604017,
        "owner": "srid",
        "repo": "flake-root",
        "rev": "b759a56851e10cb13f6b8e5698af7b59c44be26e",
        "type": "github"
      },
      "original": {
        "owner": "srid",
        "repo": "flake-root",
        "type": "github"
      }
    },
    "nixpkgs": {
      "locked": {
        "lastModified": 1755268003,
        "owner": "nixos",
        "repo": "nixpkgs",
        "rev": "32f313e49e42f715491e1ea7b306a87c16fe0388",
        "type": "github"
      },
      "original": {
        "owner": "nixos",
        "ref": "nixpkgs-unstable",
        "repo": "nixpkgs",
        "type": "github"
      }
    },
    "nixpkgs-lib": {
      "locked": {
        "lastModified": 1753579242,
        "narHash": "sha256-zvaMGVn14/Zz8hnp4VWT9xVnhc8vuL3TStRqwk22biA=",
        "owner": "nix-community",
        "repo": "nixpkgs.lib",
        "rev": "0f36c44e01a6129be94e3ade315a5883f0228a6e",
        "type": "github"
      },
      "original": {
        "owner": "nix-community",
        "repo": "nixpkgs.lib",
        "type": "github"
      }
    },
    "root": {
      "inputs": {
        "bastardkb_firmware": "bastardkb_firmware",
        "flake-parts": "flake-parts",
        "flake-root": "flake-root",
        "nixpkgs": "nixpkgs",
        "svalboard_firmware": "svalboard_firmware",
        "treefmt-nix": "treefmt-nix"
      }
    },
    "svalboard_firmware": {
      "flake": false,
      "locked": {
        "lastModified": 1748323856,
        "ref": "vial",
        "rev": "c9d73367036e465fb79b2f51f428f3a9f103660c",
        "shallow": true,
        "submodules": true,
        "type": "git",
        "url": "https://github.com/svalboard/vial-qmk"
      },
      "original": {
        "ref": "vial",
        "shallow": true,
        "submodules": true,
        "type": "git",
        "url": "https://github.com/svalboard/vial-qmk"
      }
    },
    "treefmt-nix": {
      "inputs": {
        "nixpkgs": [
          "nixpkgs"
        ]
      },
      "locked": {
        "lastModified": 1754847726,
        "owner": "numtide",
        "repo": "treefmt-nix",
        "rev": "7d81f6fb2e19bf84f1c65135d1060d829fae2408",
        "type": "github"
      },
      "original": {
        "owner": "numtide",
        "repo": "treefmt-nix",
        "type": "github"
      }
    }
  },
  "root": "root",
  "version": 7
}
